
Microsoft Visual Studio Solution File, Format Version 12.00
# Visual Studio Version 16
VisualStudioVersion = 16.0.31229.75
MinimumVisualStudioVersion = 10.0.40219.1
Project("{2150E333-8FDC-42A3-9474-1A3956D46DE8}") = "src", "src", "{09F90403-B0AC-4CB1-8F38-743552E10850}"
EndProject
Project("{2150E333-8FDC-42A3-9474-1A3956D46DE8}") = "test", "test", "{C242F960-081F-4571-94DE-50A6963CAC08}"
EndProject
Project("{9A19103F-16F7-4668-BE54-9A1E7A4F7556}") = "FerryData.UnitTests", "test\FerryData.UnitTests\FerryData.UnitTests.csproj", "{68CC1464-B6E0-45AD-B7CD-A8BC62B603B0}"
EndProject
Project("{9A19103F-16F7-4668-BE54-9A1E7A4F7556}") = "FerryData.Engine", "src\FerryData.Engine\FerryData.Engine.csproj", "{FAF102F1-BDB1-42B5-BBC9-64D066EBFCCB}"
EndProject
Project("{9A19103F-16F7-4668-BE54-9A1E7A4F7556}") = "FerryData.Server", "src\FerryData\Server\FerryData.Server.csproj", "{DB0AC09F-AC9D-45B1-BBB9-D358DFF36EEC}"
EndProject
Project("{9A19103F-16F7-4668-BE54-9A1E7A4F7556}") = "FerryData.Client", "src\FerryData\Client\FerryData.Client.csproj", "{D433F52B-E5FB-42C9-995B-43B3E79E1E76}"
EndProject
Project("{9A19103F-16F7-4668-BE54-9A1E7A4F7556}") = "FerryData.Shared", "src\FerryData\Shared\FerryData.Shared.csproj", "{235F2098-FFB6-4287-BA06-81FE56F2A893}"
EndProject
Project("{9A19103F-16F7-4668-BE54-9A1E7A4F7556}") = "FerryData.IS4", "src\IS4\FerryData.IS4.csproj", "{C0FE3760-8AA6-445D-912D-07DEA6940D5A}"
EndProject
Project("{9A19103F-16F7-4668-BE54-9A1E7A4F7556}") = "FerryData.WorkerService", "src\FerryData.WorkerService\FerryData.WorkerService.csproj", "{FA0FBEDB-DC3D-49C1-83FA-BBE0805C4682}"
EndProject
Global
	GlobalSection(SolutionConfigurationPlatforms) = preSolution
		Debug|Any CPU = Debug|Any CPU
		Release|Any CPU = Release|Any CPU
	EndGlobalSection
	GlobalSection(ProjectConfigurationPlatforms) = postSolution
		{68CC1464-B6E0-45AD-B7CD-A8BC62B603B0}.Debug|Any CPU.ActiveCfg = Debug|Any CPU
		{68CC1464-B6E0-45AD-B7CD-A8BC62B603B0}.Debug|Any CPU.Build.0 = Debug|Any CPU
		{68CC1464-B6E0-45AD-B7CD-A8BC62B603B0}.Release|Any CPU.ActiveCfg = Release|Any CPU
		{68CC1464-B6E0-45AD-B7CD-A8BC62B603B0}.Release|Any CPU.Build.0 = Release|Any CPU
		{FAF102F1-BDB1-42B5-BBC9-64D066EBFCCB}.Debug|Any CPU.ActiveCfg = Debug|Any CPU
		{FAF102F1-BDB1-42B5-BBC9-64D066EBFCCB}.Debug|Any CPU.Build.0 = Debug|Any CPU
		{FAF102F1-BDB1-42B5-BBC9-64D066EBFCCB}.Release|Any CPU.ActiveCfg = Release|Any CPU
		{FAF102F1-BDB1-42B5-BBC9-64D066EBFCCB}.Release|Any CPU.Build.0 = Release|Any CPU
		{DB0AC09F-AC9D-45B1-BBB9-D358DFF36EEC}.Debug|Any CPU.ActiveCfg = Debug|Any CPU
		{DB0AC09F-AC9D-45B1-BBB9-D358DFF36EEC}.Debug|Any CPU.Build.0 = Debug|Any CPU
		{DB0AC09F-AC9D-45B1-BBB9-D358DFF36EEC}.Release|Any CPU.ActiveCfg = Release|Any CPU
		{DB0AC09F-AC9D-45B1-BBB9-D358DFF36EEC}.Release|Any CPU.Build.0 = Release|Any CPU
		{D433F52B-E5FB-42C9-995B-43B3E79E1E76}.Debug|Any CPU.ActiveCfg = Debug|Any CPU
		{D433F52B-E5FB-42C9-995B-43B3E79E1E76}.Debug|Any CPU.Build.0 = Debug|Any CPU
		{D433F52B-E5FB-42C9-995B-43B3E79E1E76}.Release|Any CPU.ActiveCfg = Release|Any CPU
		{D433F52B-E5FB-42C9-995B-43B3E79E1E76}.Release|Any CPU.Build.0 = Release|Any CPU
		{235F2098-FFB6-4287-BA06-81FE56F2A893}.Debug|Any CPU.ActiveCfg = Debug|Any CPU
		{235F2098-FFB6-4287-BA06-81FE56F2A893}.Debug|Any CPU.Build.0 = Debug|Any CPU
		{235F2098-FFB6-4287-BA06-81FE56F2A893}.Release|Any CPU.ActiveCfg = Release|Any CPU
		{235F2098-FFB6-4287-BA06-81FE56F2A893}.Release|Any CPU.Build.0 = Release|Any CPU
		{C0FE3760-8AA6-445D-912D-07DEA6940D5A}.Debug|Any CPU.ActiveCfg = Debug|Any CPU
		{C0FE3760-8AA6-445D-912D-07DEA6940D5A}.Debug|Any CPU.Build.0 = Debug|Any CPU
		{C0FE3760-8AA6-445D-912D-07DEA6940D5A}.Release|Any CPU.ActiveCfg = Release|Any CPU
		{C0FE3760-8AA6-445D-912D-07DEA6940D5A}.Release|Any CPU.Build.0 = Release|Any CPU
		{FA0FBEDB-DC3D-49C1-83FA-BBE0805C4682}.Debug|Any CPU.ActiveCfg = Debug|Any CPU
		{FA0FBEDB-DC3D-49C1-83FA-BBE0805C4682}.Debug|Any CPU.Build.0 = Debug|Any CPU
		{FA0FBEDB-DC3D-49C1-83FA-BBE0805C4682}.Release|Any CPU.ActiveCfg = Release|Any CPU
		{FA0FBEDB-DC3D-49C1-83FA-BBE0805C4682}.Release|Any CPU.Build.0 = Release|Any CPU
	EndGlobalSection
	GlobalSection(SolutionProperties) = preSolution
		HideSolutionNode = FALSE
	EndGlobalSection
	GlobalSection(NestedProjects) = preSolution
		{68CC1464-B6E0-45AD-B7CD-A8BC62B603B0} = {C242F960-081F-4571-94DE-50A6963CAC08}
		{FAF102F1-BDB1-42B5-BBC9-64D066EBFCCB} = {09F90403-B0AC-4CB1-8F38-743552E10850}
		{DB0AC09F-AC9D-45B1-BBB9-D358DFF36EEC} = {09F90403-B0AC-4CB1-8F38-743552E10850}
		{D433F52B-E5FB-42C9-995B-43B3E79E1E76} = {09F90403-B0AC-4CB1-8F38-743552E10850}
		{235F2098-FFB6-4287-BA06-81FE56F2A893} = {09F90403-B0AC-4CB1-8F38-743552E10850}
		{C0FE3760-8AA6-445D-912D-07DEA6940D5A} = {09F90403-B0AC-4CB1-8F38-743552E10850}
		{FA0FBEDB-DC3D-49C1-83FA-BBE0805C4682} = {09F90403-B0AC-4CB1-8F38-743552E10850}
	EndGlobalSection
	GlobalSection(ExtensibilityGlobals) = postSolution
		SolutionGuid = {E8FF3D52-E689-4F39-9263-03F742D29969}
	EndGlobalSection
EndGlobal
