
Microsoft Visual Studio Solution File, Format Version 12.00
# Visual Studio Version 16
VisualStudioVersion = 16.0.31229.75
MinimumVisualStudioVersion = 10.0.40219.1
Project("{2150E333-8FDC-42A3-9474-1A3956D46DE8}") = "src", "src", "{09F90403-B0AC-4CB1-8F38-743552E10850}"
EndProject
Project("{2150E333-8FDC-42A3-9474-1A3956D46DE8}") = "test", "test", "{C242F960-081F-4571-94DE-50A6963CAC08}"
EndProject
Project("{9A19103F-16F7-4668-BE54-9A1E7A4F7556}") = "FerryData.UnitTests", "test\FerryData.UnitTests\FerryData.UnitTests.csproj", "{68CC1464-B6E0-45AD-B7CD-A8BC62B603B0}"
EndProject
Project("{9A19103F-16F7-4668-BE54-9A1E7A4F7556}") = "FerryData.Engine", "src\FerryData.Engine\FerryData.Engine.csproj", "{FAF102F1-BDB1-42B5-BBC9-64D066EBFCCB}"
EndProject
Project("{FAE04EC0-301F-11D3-BF4B-00C04F79EFBC}") = "FerryData.Server", "src\FerryData\Server\FerryData.Server.csproj", "{280BE0E5-0990-43D7-8E58-36D74F69F001}"
EndProject
Project("{FAE04EC0-301F-11D3-BF4B-00C04F79EFBC}") = "FerryData.Client", "src\FerryData\Client\FerryData.Client.csproj", "{BDEB3097-144B-4D9B-861A-760ED99129AD}"
EndProject
Project("{FAE04EC0-301F-11D3-BF4B-00C04F79EFBC}") = "FerryData.Shared", "src\FerryData\Shared\FerryData.Shared.csproj", "{9FEC8469-894D-42BF-81F8-1ADE83941AA8}"
EndProject
Global
	GlobalSection(SolutionConfigurationPlatforms) = preSolution
		Debug|Any CPU = Debug|Any CPU
		Release|Any CPU = Release|Any CPU
	EndGlobalSection
	GlobalSection(ProjectConfigurationPlatforms) = postSolution
		{68CC1464-B6E0-45AD-B7CD-A8BC62B603B0}.Debug|Any CPU.ActiveCfg = Debug|Any CPU
		{68CC1464-B6E0-45AD-B7CD-A8BC62B603B0}.Debug|Any CPU.Build.0 = Debug|Any CPU
		{68CC1464-B6E0-45AD-B7CD-A8BC62B603B0}.Release|Any CPU.ActiveCfg = Release|Any CPU
		{68CC1464-B6E0-45AD-B7CD-A8BC62B603B0}.Release|Any CPU.Build.0 = Release|Any CPU
		{FAF102F1-BDB1-42B5-BBC9-64D066EBFCCB}.Debug|Any CPU.ActiveCfg = Debug|Any CPU
		{FAF102F1-BDB1-42B5-BBC9-64D066EBFCCB}.Debug|Any CPU.Build.0 = Debug|Any CPU
		{FAF102F1-BDB1-42B5-BBC9-64D066EBFCCB}.Release|Any CPU.ActiveCfg = Release|Any CPU
		{FAF102F1-BDB1-42B5-BBC9-64D066EBFCCB}.Release|Any CPU.Build.0 = Release|Any CPU
		{280BE0E5-0990-43D7-8E58-36D74F69F001}.Debug|Any CPU.ActiveCfg = Debug|Any CPU
		{280BE0E5-0990-43D7-8E58-36D74F69F001}.Debug|Any CPU.Build.0 = Debug|Any CPU
		{280BE0E5-0990-43D7-8E58-36D74F69F001}.Release|Any CPU.ActiveCfg = Release|Any CPU
		{280BE0E5-0990-43D7-8E58-36D74F69F001}.Release|Any CPU.Build.0 = Release|Any CPU
		{BDEB3097-144B-4D9B-861A-760ED99129AD}.Debug|Any CPU.ActiveCfg = Debug|Any CPU
		{BDEB3097-144B-4D9B-861A-760ED99129AD}.Debug|Any CPU.Build.0 = Debug|Any CPU
		{BDEB3097-144B-4D9B-861A-760ED99129AD}.Release|Any CPU.ActiveCfg = Release|Any CPU
		{BDEB3097-144B-4D9B-861A-760ED99129AD}.Release|Any CPU.Build.0 = Release|Any CPU
		{9FEC8469-894D-42BF-81F8-1ADE83941AA8}.Debug|Any CPU.ActiveCfg = Debug|Any CPU
		{9FEC8469-894D-42BF-81F8-1ADE83941AA8}.Debug|Any CPU.Build.0 = Debug|Any CPU
		{9FEC8469-894D-42BF-81F8-1ADE83941AA8}.Release|Any CPU.ActiveCfg = Release|Any CPU
		{9FEC8469-894D-42BF-81F8-1ADE83941AA8}.Release|Any CPU.Build.0 = Release|Any CPU
	EndGlobalSection
	GlobalSection(SolutionProperties) = preSolution
		HideSolutionNode = FALSE
	EndGlobalSection
	GlobalSection(NestedProjects) = preSolution
		{68CC1464-B6E0-45AD-B7CD-A8BC62B603B0} = {C242F960-081F-4571-94DE-50A6963CAC08}
		{FAF102F1-BDB1-42B5-BBC9-64D066EBFCCB} = {09F90403-B0AC-4CB1-8F38-743552E10850}
		{280BE0E5-0990-43D7-8E58-36D74F69F001} = {09F90403-B0AC-4CB1-8F38-743552E10850}
		{BDEB3097-144B-4D9B-861A-760ED99129AD} = {09F90403-B0AC-4CB1-8F38-743552E10850}
		{9FEC8469-894D-42BF-81F8-1ADE83941AA8} = {09F90403-B0AC-4CB1-8F38-743552E10850}
	EndGlobalSection
	GlobalSection(ExtensibilityGlobals) = postSolution
		SolutionGuid = {E8FF3D52-E689-4F39-9263-03F742D29969}
	EndGlobalSection
EndGlobal
